// !$*UTF8*$!
{
	archiveVersion = 1;
	classes = {
	};
	objectVersion = 46;
	objects = {

/* Begin PBXBuildFile section */
		C60484571DC718FB004E9E9E /* AppDelegate.swift in Sources */ = {isa = PBXBuildFile; fileRef = C60484561DC718FB004E9E9E /* AppDelegate.swift */; };
		C60484591DC718FB004E9E9E /* ViewController.swift in Sources */ = {isa = PBXBuildFile; fileRef = C60484581DC718FB004E9E9E /* ViewController.swift */; };
		C604845C1DC718FB004E9E9E /* Main.storyboard in Resources */ = {isa = PBXBuildFile; fileRef = C604845A1DC718FB004E9E9E /* Main.storyboard */; };
		C604845E1DC718FB004E9E9E /* Assets.xcassets in Resources */ = {isa = PBXBuildFile; fileRef = C604845D1DC718FB004E9E9E /* Assets.xcassets */; };
		C60484611DC718FB004E9E9E /* LaunchScreen.storyboard in Resources */ = {isa = PBXBuildFile; fileRef = C604845F1DC718FB004E9E9E /* LaunchScreen.storyboard */; };
/* End PBXBuildFile section */

/* Begin PBXFileReference section */
		C60484531DC718FB004E9E9E /* CloudMemo.app */ = {isa = PBXFileReference; explicitFileType = wrapper.application; includeInIndex = 0; path = CloudMemo.app; sourceTree = BUILT_PRODUCTS_DIR; };
		C60484561DC718FB004E9E9E /* AppDelegate.swift */ = {isa = PBXFileReference; lastKnownFileType = sourcecode.swift; path = AppDelegate.swift; sourceTree = "<group>"; };
		C60484581DC718FB004E9E9E /* ViewController.swift */ = {isa = PBXFileReference; lastKnownFileType = sourcecode.swift; path = ViewController.swift; sourceTree = "<group>"; };
		C604845B1DC718FB004E9E9E /* Base */ = {isa = PBXFileReference; lastKnownFileType = file.storyboard; name = Base; path = Base.lproj/Main.storyboard; sourceTree = "<group>"; };
		C604845D1DC718FB004E9E9E /* Assets.xcassets */ = {isa = PBXFileReference; lastKnownFileType = folder.assetcatalog; path = Assets.xcassets; sourceTree = "<group>"; };
		C60484601DC718FB004E9E9E /* Base */ = {isa = PBXFileReference; lastKnownFileType = file.storyboard; name = Base; path = Base.lproj/LaunchScreen.storyboard; sourceTree = "<group>"; };
		C60484621DC718FB004E9E9E /* Info.plist */ = {isa = PBXFileReference; lastKnownFileType = text.plist.xml; path = Info.plist; sourceTree = "<group>"; };
/* End PBXFileReference section */

/* Begin PBXFrameworksBuildPhase section */
		C60484501DC718FB004E9E9E /* Frameworks */ = {
			isa = PBXFrameworksBuildPhase;
			buildActionMask = 2147483647;
			files = (
			);
			runOnlyForDeploymentPostprocessing = 0;
		};
/* End PBXFrameworksBuildPhase section */

/* Begin PBXGroup section */
		C604844A1DC718FB004E9E9E = {
			isa = PBXGroup;
			children = (
				C60484551DC718FB004E9E9E /* CloudMemo */,
				C60484541DC718FB004E9E9E /* Products */,
			);
			sourceTree = "<group>";
		};
		C60484541DC718FB004E9E9E /* Products */ = {
			isa = PBXGroup;
			children = (
				C60484531DC718FB004E9E9E /* CloudMemo.app */,
			);
			name = Products;
			sourceTree = "<group>";
		};
		C60484551DC718FB004E9E9E /* CloudMemo */ = {
			isa = PBXGroup;
			children = (
				C60484561DC718FB004E9E9E /* AppDelegate.swift */,
				C60484581DC718FB004E9E9E /* ViewController.swift */,
				C604845A1DC718FB004E9E9E /* Main.storyboard */,
				C604845D1DC718FB004E9E9E /* Assets.xcassets */,
				C604845F1DC718FB004E9E9E /* LaunchScreen.storyboard */,
				C60484621DC718FB004E9E9E /* Info.plist */,
			);
			path = CloudMemo;
			sourceTree = "<group>";
		};
/* End PBXGroup section */

/* Begin PBXNativeTarget section */
		C60484521DC718FB004E9E9E /* CloudMemo */ = {
			isa = PBXNativeTarget;
			buildConfigurationList = C60484651DC718FB004E9E9E /* Build configuration list for PBXNativeTarget "CloudMemo" */;
			buildPhases = (
				C604844F1DC718FB004E9E9E /* Sources */,
				C60484501DC718FB004E9E9E /* Frameworks */,
				C60484511DC718FB004E9E9E /* Resources */,
			);
			buildRules = (
			);
			dependencies = (
			);
			name = CloudMemo;
			productName = CloudMemo;
			productReference = C60484531DC718FB004E9E9E /* CloudMemo.app */;
			productType = "com.apple.product-type.application";
		};
/* End PBXNativeTarget section */

/* Begin PBXProject section */
		C604844B1DC718FB004E9E9E /* Project object */ = {
			isa = PBXProject;
			attributes = {
				LastSwiftUpdateCheck = 0810;
				LastUpgradeCheck = 0810;
				ORGANIZATIONNAME = keta;
				TargetAttributes = {
					C60484521DC718FB004E9E9E = {
						CreatedOnToolsVersion = 8.1;
						DevelopmentTeam = MFYR8SG4J9;
						ProvisioningStyle = Automatic;
					};
				};
			};
			buildConfigurationList = C604844E1DC718FB004E9E9E /* Build configuration list for PBXProject "CloudMemo" */;
			compatibilityVersion = "Xcode 3.2";
			developmentRegion = English;
			hasScannedForEncodings = 0;
			knownRegions = (
				en,
				Base,
			);
			mainGroup = C604844A1DC718FB004E9E9E;
			productRefGroup = C60484541DC718FB004E9E9E /* Products */;
			projectDirPath = "";
			projectRoot = "";
			targets = (
				C60484521DC718FB004E9E9E /* CloudMemo */,
			);
		};
/* End PBXProject section */

/* Begin PBXResourcesBuildPhase section */
		C60484511DC718FB004E9E9E /* Resources */ = {
			isa = PBXResourcesBuildPhase;
			buildActionMask = 2147483647;
			files = (
				C60484611DC718FB004E9E9E /* LaunchScreen.storyboard in Resources */,
				C604845E1DC718FB004E9E9E /* Assets.xcassets in Resources */,
				C604845C1DC718FB004E9E9E /* Main.storyboard in Resources */,
			);
			runOnlyForDeploymentPostprocessing = 0;
		};
/* End PBXResourcesBuildPhase section */

/* Begin PBXSourcesBuildPhase section */
		C604844F1DC718FB004E9E9E /* Sources */ = {
			isa = PBXSourcesBuildPhase;
			buildActionMask = 2147483647;
			files = (
				C60484591DC718FB004E9E9E /* ViewController.swift in Sources */,
				C60484571DC718FB004E9E9E /* AppDelegate.swift in Sources */,
			);
			runOnlyForDeploymentPostprocessing = 0;
		};
/* End PBXSourcesBuildPhase section */

/* Begin PBXVariantGroup section */
		C604845A1DC718FB004E9E9E /* Main.storyboard */ = {
			isa = PBXVariantGroup;
			children = (
				C604845B1DC718FB004E9E9E /* Base */,
			);
			name = Main.storyboard;
			sourceTree = "<group>";
		};
		C604845F1DC718FB004E9E9E /* LaunchScreen.storyboard */ = {
			isa = PBXVariantGroup;
			children = (
				C60484601DC718FB004E9E9E /* Base */,
			);
			name = LaunchScreen.storyboard;
			sourceTree = "<group>";
		};
/* End PBXVariantGroup section */

/* Begin XCBuildConfiguration section */
		C60484631DC718FB004E9E9E /* Debug */ = {
			isa = XCBuildConfiguration;
			buildSettings = {
				ALWAYS_SEARCH_USER_PATHS = NO;
				CLANG_ANALYZER_NONNULL = YES;
				CLANG_CXX_LANGUAGE_STANDARD = "gnu++0x";
				CLANG_CXX_LIBRARY = "libc++";
				CLANG_ENABLE_MODULES = YES;
				CLANG_ENABLE_OBJC_ARC = YES;
				CLANG_WARN_BOOL_CONVERSION = YES;
				CLANG_WARN_CONSTANT_CONVERSION = YES;
				CLANG_WARN_DIRECT_OBJC_ISA_USAGE = YES_ERROR;
				CLANG_WARN_DOCUMENTATION_COMMENTS = YES;
				CLANG_WARN_EMPTY_BODY = YES;
				CLANG_WARN_ENUM_CONVERSION = YES;
				CLANG_WARN_INFINITE_RECURSION = YES;
				CLANG_WARN_INT_CONVERSION = YES;
				CLANG_WARN_OBJC_ROOT_CLASS = YES_ERROR;
				CLANG_WARN_SUSPICIOUS_MOVES = YES;
				CLANG_WARN_UNREACHABLE_CODE = YES;
				CLANG_WARN__DUPLICATE_METHOD_MATCH = YES;
				"CODE_SIGN_IDENTITY[sdk=iphoneos*]" = "iPhone Developer";
				COPY_PHASE_STRIP = NO;
				DEBUG_INFORMATION_FORMAT = dwarf;
				ENABLE_STRICT_OBJC_MSGSEND = YES;
				ENABLE_TESTABILITY = YES;
				GCC_C_LANGUAGE_STANDARD = gnu99;
				GCC_DYNAMIC_NO_PIC = NO;
				GCC_NO_COMMON_BLOCKS = YES;
				GCC_OPTIMIZATION_LEVEL = 0;
				GCC_PREPROCESSOR_DEFINITIONS = (
					"DEBUG=1",
					"$(inherited)",
				);
				GCC_WARN_64_TO_32_BIT_CONVERSION = YES;
				GCC_WARN_ABOUT_RETURN_TYPE = YES_ERROR;
				GCC_WARN_UNDECLARED_SELECTOR = YES;
				GCC_WARN_UNINITIALIZED_AUTOS = YES_AGGRESSIVE;
				GCC_WARN_UNUSED_FUNCTION = YES;
				GCC_WARN_UNUSED_VARIABLE = YES;
				IPHONEOS_DEPLOYMENT_TARGET = 10.1;
				MTL_ENABLE_DEBUG_INFO = YES;
				ONLY_ACTIVE_ARCH = YES;
				SDKROOT = iphoneos;
				SWIFT_ACTIVE_COMPILATION_CONDITIONS = DEBUG;
				SWIFT_OPTIMIZATION_LEVEL = "-Onone";
				TARGETED_DEVICE_FAMILY = "1,2";
			};
			name = Debug;
		};
		C60484641DC718FB004E9E9E /* Release */ = {
			isa = XCBuildConfiguration;
			buildSettings = {
				ALWAYS_SEARCH_USER_PATHS = NO;
				CLANG_ANALYZER_NONNULL = YES;
				CLANG_CXX_LANGUAGE_STANDARD = "gnu++0x";
				CLANG_CXX_LIBRARY = "libc++";
				CLANG_ENABLE_MODULES = YES;
				CLANG_ENABLE_OBJC_ARC = YES;
				CLANG_WARN_BOOL_CONVERSION = YES;
				CLANG_WARN_CONSTANT_CONVERSION = YES;
				CLANG_WARN_DIRECT_OBJC_ISA_USAGE = YES_ERROR;
				CLANG_WARN_DOCUMENTATION_COMMENTS = YES;
				CLANG_WARN_EMPTY_BODY = YES;
				CLANG_WARN_ENUM_CONVERSION = YES;
				CLANG_WARN_INFINITE_RECURSION = YES;
				CLANG_WARN_INT_CONVERSION = YES;
				CLANG_WARN_OBJC_ROOT_CLASS = YES_ERROR;
				CLANG_WARN_SUSPICIOUS_MOVES = YES;
				CLANG_WARN_UNREACHABLE_CODE = YES;
				CLANG_WARN__DUPLICATE_METHOD_MATCH = YES;
				"CODE_SIGN_IDENTITY[sdk=iphoneos*]" = "iPhone Developer";
				COPY_PHASE_STRIP = NO;
				DEBUG_INFORMATION_FORMAT = "dwarf-with-dsym";
				ENABLE_NS_ASSERTIONS = NO;
				ENABLE_STRICT_OBJC_MSGSEND = YES;
				GCC_C_LANGUAGE_STANDARD = gnu99;
				GCC_NO_COMMON_BLOCKS = YES;
				GCC_WARN_64_TO_32_BIT_CONVERSION = YES;
				GCC_WARN_ABOUT_RETURN_TYPE = YES_ERROR;
				GCC_WARN_UNDECLARED_SELECTOR = YES;
				GCC_WARN_UNINITIALIZED_AUTOS = YES_AGGRESSIVE;
				GCC_WARN_UNUSED_FUNCTION = YES;
				GCC_WARN_UNUSED_VARIABLE = YES;
				IPHONEOS_DEPLOYMENT_TARGET = 10.1;
				MTL_ENABLE_DEBUG_INFO = NO;
				SDKROOT = iphoneos;
				SWIFT_OPTIMIZATION_LEVEL = "-Owholemodule";
				TARGETED_DEVICE_FAMILY = "1,2";
				VALIDATE_PRODUCT = YES;
			};
			name = Release;
		};
		C60484661DC718FB004E9E9E /* Debug */ = {
			isa = XCBuildConfiguration;
			buildSettings = {
				ASSETCATALOG_COMPILER_APPICON_NAME = AppIcon;
				DEVELOPMENT_TEAM = MFYR8SG4J9;
				INFOPLIST_FILE = CloudMemo/Info.plist;
				LD_RUNPATH_SEARCH_PATHS = "$(inherited) @executable_path/Frameworks";
				PRODUCT_BUNDLE_IDENTIFIER = "info.ueda-keisuke.CloudMemo";
				PRODUCT_NAME = "$(TARGET_NAME)";
				SWIFT_VERSION = 3.0;
			};
			name = Debug;
		};
		C60484671DC718FB004E9E9E /* Release */ = {
			isa = XCBuildConfiguration;
			buildSettings = {
				ASSETCATALOG_COMPILER_APPICON_NAME = AppIcon;
				DEVELOPMENT_TEAM = MFYR8SG4J9;
				INFOPLIST_FILE = CloudMemo/Info.plist;
				LD_RUNPATH_SEARCH_PATHS = "$(inherited) @executable_path/Frameworks";
				PRODUCT_BUNDLE_IDENTIFIER = "info.ueda-keisuke.CloudMemo";
				PRODUCT_NAME = "$(TARGET_NAME)";
				SWIFT_VERSION = 3.0;
			};
			name = Release;
		};
/* End XCBuildConfiguration section */

/* Begin XCConfigurationList section */
		C604844E1DC718FB004E9E9E /* Build configuration list for PBXProject "CloudMemo" */ = {
			isa = XCConfigurationList;
			buildConfigurations = (
				C60484631DC718FB004E9E9E /* Debug */,
				C60484641DC718FB004E9E9E /* Release */,
			);
			defaultConfigurationIsVisible = 0;
			defaultConfigurationName = Release;
		};
		C60484651DC718FB004E9E9E /* Build configuration list for PBXNativeTarget "CloudMemo" */ = {
			isa = XCConfigurationList;
			buildConfigurations = (
				C60484661DC718FB004E9E9E /* Debug */,
				C60484671DC718FB004E9E9E /* Release */,
			);
			defaultConfigurationIsVisible = 0;
		};
/* End XCConfigurationList section */
	};
	rootObject = C604844B1DC718FB004E9E9E /* Project object */;
}
